Jinja2==3.1.6 \
    --hash=sha256:85ece4451f492d0c13c5dd7c13a64681a86afae63a5f347908daf103ce6d2f67
MarkupSafe==3.0.2 \
    --hash=sha256:1c99d261bd2d5f6b59325c92c73df481e05e57f19837bdca8413b9eac4bd8028 \
    --hash=sha256:a123e330ef0853c6e822384873bef7507557d8e4a082961e1defa947aa59ba84 \
    --hash=sha256:70a87b411535ccad5ef2f1df5136506a10775d267e197e4cf531ced10537bd6b
PyMySQL[rsa]==1.1.2 \
    --hash=sha256:e6b1d89711dd51f8f74b1631fe08f039e7d76cf67a42a323d3178f0f25762ed9
PyYAML==6.0.2 \
    --hash=sha256:1f71ea527786de97d1a0cc0eacd1defc0985dcf6b3f17bb77dcfc8c34bec4dc5 \
    --hash=sha256:3ad2a3decf9aaba3d29c8f537ac4b243e36bef957511b4766cb0057d32b0be85 \
    --hash=sha256:e10ce637b18caea04431ce14fabcf5c64a1c61ec9c56b071a4b7ca131ca52d44
cffi==2.1.0 \
    --hash=sha256:4f26194e3d95e06501b942642855aed4f953d55e95d7d01b7c4483db3ecff458 \
    --hash=sha256:aa7a1b53a2a4452ada2d1b5dade9960b2522f1e61293a811a077439e39029565 \
    --hash=sha256:b6422532152adf4e59b110cb2808cee7a033800952f5c036b4af047ee43199e7
cryptography==49.0.0 \
    --hash=sha256:0e959b578856a3924bc0cbb710fc12c387b9412a951389f3ca61704a9e25f325 \
    --hash=sha256:36d1709f992593689b45bda411498d62c6e365f2ca00b84657d4dadd24de16db \
    --hash=sha256:e5dfc1e64de5677cec922ffa8da89c546d0415bf6efdf081842e5d44c84e1f0e
pycparser==3.0 \
    --hash=sha256:b727414169a36b7d524c1c3e31839a521725078d7b2ff038656844266160a992
